
Microsoft Visual Studio Solution File, Format Version 12.00
# Visual Studio 2012
Project("{f2a71f9b-5d33-465a-a702-920d77279786}") = "Zipix", "Zipix\Zipix.fsproj", "{C81F3C96-7618-44C9-A1F6-420CB3D76E26}"
EndProject
Project("{f2a71f9b-5d33-465a-a702-920d77279786}") = "ZipixTest", "ZipixTest\ZipixTest.fsproj", "{94950AC0-3933-441C-98A0-7115F8EC163D}"
EndProject
Global
	GlobalSection(SolutionConfigurationPlatforms) = preSolution
		Debug|AnyCPU = Debug|AnyCPU
		Release|AnyCPU = Release|AnyCPU
	EndGlobalSection
	GlobalSection(ProjectConfigurationPlatforms) = postSolution
		{94950AC0-3933-441C-98A0-7115F8EC163D}.Debug|AnyCPU.ActiveCfg = Debug|Any CPU
		{94950AC0-3933-441C-98A0-7115F8EC163D}.Debug|AnyCPU.Build.0 = Debug|Any CPU
		{94950AC0-3933-441C-98A0-7115F8EC163D}.Release|AnyCPU.ActiveCfg = Release|Any CPU
		{94950AC0-3933-441C-98A0-7115F8EC163D}.Release|AnyCPU.Build.0 = Release|Any CPU
		{C81F3C96-7618-44C9-A1F6-420CB3D76E26}.Debug|AnyCPU.ActiveCfg = Debug|Any CPU
		{C81F3C96-7618-44C9-A1F6-420CB3D76E26}.Debug|AnyCPU.Build.0 = Debug|Any CPU
		{C81F3C96-7618-44C9-A1F6-420CB3D76E26}.Release|AnyCPU.ActiveCfg = Release|AnyCPU
		{C81F3C96-7618-44C9-A1F6-420CB3D76E26}.Release|AnyCPU.Build.0 = Release|AnyCPU
	EndGlobalSection
EndGlobal
